
Microsoft Visual Studio Solution File, Format Version 12.00
# Visual Studio 15
VisualStudioVersion = 15.0.27703.2026
MinimumVisualStudioVersion = 10.0.40219.1
Project("{FAE04EC0-301F-11D3-BF4B-00C04F79EFBC}") = "ServicioDatos", "ServicioDatos\ServicioDatos.csproj", "{AF212A6F-6AF6-493E-9A49-7C5F39662EBB}"
EndProject
Global
	GlobalSection(SolutionConfigurationPlatforms) = preSolution
		Debug|Any CPU = Debug|Any CPU
		Release|Any CPU = Release|Any CPU
	EndGlobalSection
	GlobalSection(ProjectConfigurationPlatforms) = postSolution
		{AF212A6F-6AF6-493E-9A49-7C5F39662EBB}.Debug|Any CPU.ActiveCfg = Debug|Any CPU
		{AF212A6F-6AF6-493E-9A49-7C5F39662EBB}.Debug|Any CPU.Build.0 = Debug|Any CPU
		{AF212A6F-6AF6-493E-9A49-7C5F39662EBB}.Release|Any CPU.ActiveCfg = Release|Any CPU
		{AF212A6F-6AF6-493E-9A49-7C5F39662EBB}.Release|Any CPU.Build.0 = Release|Any CPU
	EndGlobalSection
	GlobalSection(SolutionProperties) = preSolution
		HideSolutionNode = FALSE
	EndGlobalSection
	GlobalSection(ExtensibilityGlobals) = postSolution
		SolutionGuid = {4EF1AEE5-A102-4B9F-9ED1-B18D6ABF4A4B}
	EndGlobalSection
EndGlobal
